// !$*UTF8*$!
{
	archiveVersion = 1;
	classes = {
	};
	objectVersion = 50;
	objects = {

/* Begin PBXBuildFile section */
		0B68AED624A6116C00D028EA /* AppDelegate.swift in Sources */ = {isa = PBXBuildFile; fileRef = 0B68AED524A6116C00D028EA /* AppDelegate.swift */; };
		0B68AED824A6116C00D028EA /* SceneDelegate.swift in Sources */ = {isa = PBXBuildFile; fileRef = 0B68AED724A6116C00D028EA /* SceneDelegate.swift */; };
		0B68AEDA24A6116C00D028EA /* ViewController.swift in Sources */ = {isa = PBXBuildFile; fileRef = 0B68AED924A6116C00D028EA /* ViewController.swift */; };
		0B68AEDD24A6116C00D028EA /* Main.storyboard in Resources */ = {isa = PBXBuildFile; fileRef = 0B68AEDB24A6116C00D028EA /* Main.storyboard */; };
		0B68AEDF24A6116D00D028EA /* Assets.xcassets in Resources */ = {isa = PBXBuildFile; fileRef = 0B68AEDE24A6116D00D028EA /* Assets.xcassets */; };
		0B68AEE224A6116D00D028EA /* LaunchScreen.storyboard in Resources */ = {isa = PBXBuildFile; fileRef = 0B68AEE024A6116D00D028EA /* LaunchScreen.storyboard */; };
		0B68AEEA24A6334800D028EA /* ViewController2.swift in Sources */ = {isa = PBXBuildFile; fileRef = 0B68AEE924A6334800D028EA /* ViewController2.swift */; };
		0B68AEEC24A6925200D028EA /* VC3.swift in Sources */ = {isa = PBXBuildFile; fileRef = 0B68AEEB24A6925200D028EA /* VC3.swift */; };
/* End PBXBuildFile section */

/* Begin PBXFileReference section */
		0B68AED224A6116C00D028EA /* Zalyalov.app */ = {isa = PBXFileReference; explicitFileType = wrapper.application; includeInIndex = 0; path = Zalyalov.app; sourceTree = BUILT_PRODUCTS_DIR; };
		0B68AED524A6116C00D028EA /* AppDelegate.swift */ = {isa = PBXFileReference; lastKnownFileType = sourcecode.swift; path = AppDelegate.swift; sourceTree = "<group>"; };
		0B68AED724A6116C00D028EA /* SceneDelegate.swift */ = {isa = PBXFileReference; lastKnownFileType = sourcecode.swift; path = SceneDelegate.swift; sourceTree = "<group>"; };
		0B68AED924A6116C00D028EA /* ViewController.swift */ = {isa = PBXFileReference; lastKnownFileType = sourcecode.swift; path = ViewController.swift; sourceTree = "<group>"; };
		0B68AEDC24A6116C00D028EA /* Base */ = {isa = PBXFileReference; lastKnownFileType = file.storyboard; name = Base; path = Base.lproj/Main.storyboard; sourceTree = "<group>"; };
		0B68AEDE24A6116D00D028EA /* Assets.xcassets */ = {isa = PBXFileReference; lastKnownFileType = folder.assetcatalog; path = Assets.xcassets; sourceTree = "<group>"; };
		0B68AEE124A6116D00D028EA /* Base */ = {isa = PBXFileReference; lastKnownFileType = file.storyboard; name = Base; path = Base.lproj/LaunchScreen.storyboard; sourceTree = "<group>"; };
		0B68AEE324A6116D00D028EA /* Info.plist */ = {isa = PBXFileReference; lastKnownFileType = text.plist.xml; path = Info.plist; sourceTree = "<group>"; };
		0B68AEE924A6334800D028EA /* ViewController2.swift */ = {isa = PBXFileReference; lastKnownFileType = sourcecode.swift; path = ViewController2.swift; sourceTree = "<group>"; };
		0B68AEEB24A6925200D028EA /* VC3.swift */ = {isa = PBXFileReference; lastKnownFileType = sourcecode.swift; path = VC3.swift; sourceTree = "<group>"; };
/* End PBXFileReference section */

/* Begin PBXFrameworksBuildPhase section */
		0B68AECF24A6116C00D028EA /* Frameworks */ = {
			isa = PBXFrameworksBuildPhase;
			buildActionMask = 2147483647;
			files = (
			);
			runOnlyForDeploymentPostprocessing = 0;
		};
/* End PBXFrameworksBuildPhase section */

/* Begin PBXGroup section */
		0B68AEC924A6116C00D028EA = {
			isa = PBXGroup;
			children = (
				0B68AED424A6116C00D028EA /* Zalyalov */,
				0B68AED324A6116C00D028EA /* Products */,
			);
			sourceTree = "<group>";
		};
		0B68AED324A6116C00D028EA /* Products */ = {
			isa = PBXGroup;
			children = (
				0B68AED224A6116C00D028EA /* Zalyalov.app */,
			);
			name = Products;
			sourceTree = "<group>";
		};
		0B68AED424A6116C00D028EA /* Zalyalov */ = {
			isa = PBXGroup;
			children = (
				0B68AED524A6116C00D028EA /* AppDelegate.swift */,
				0B68AED724A6116C00D028EA /* SceneDelegate.swift */,
				0B68AED924A6116C00D028EA /* ViewController.swift */,
				0B68AEDB24A6116C00D028EA /* Main.storyboard */,
				0B68AEEB24A6925200D028EA /* VC3.swift */,
				0B68AEE924A6334800D028EA /* ViewController2.swift */,
				0B68AEDE24A6116D00D028EA /* Assets.xcassets */,
				0B68AEE024A6116D00D028EA /* LaunchScreen.storyboard */,
				0B68AEE324A6116D00D028EA /* Info.plist */,
			);
			path = Zalyalov;
			sourceTree = "<group>";
		};
/* End PBXGroup section */

/* Begin PBXNativeTarget section */
		0B68AED124A6116C00D028EA /* Zalyalov */ = {
			isa = PBXNativeTarget;
			buildConfigurationList = 0B68AEE624A6116D00D028EA /* Build configuration list for PBXNativeTarget "Zalyalov" */;
			buildPhases = (
				0B68AECE24A6116C00D028EA /* Sources */,
				0B68AECF24A6116C00D028EA /* Frameworks */,
				0B68AED024A6116C00D028EA /* Resources */,
			);
			buildRules = (
			);
			dependencies = (
			);
			name = Zalyalov;
			productName = Zalyalov;
			productReference = 0B68AED224A6116C00D028EA /* Zalyalov.app */;
			productType = "com.apple.product-type.application";
		};
/* End PBXNativeTarget section */

/* Begin PBXProject section */
		0B68AECA24A6116C00D028EA /* Project object */ = {
			isa = PBXProject;
			attributes = {
				LastSwiftUpdateCheck = 1150;
				LastUpgradeCheck = 1150;
				ORGANIZATIONNAME = "Volodymyr Ostapyshyn";
				TargetAttributes = {
					0B68AED124A6116C00D028EA = {
						CreatedOnToolsVersion = 11.5;
					};
				};
			};
			buildConfigurationList = 0B68AECD24A6116C00D028EA /* Build configuration list for PBXProject "Zalyalov" */;
			compatibilityVersion = "Xcode 9.3";
			developmentRegion = en;
			hasScannedForEncodings = 0;
			knownRegions = (
				en,
				Base,
			);
			mainGroup = 0B68AEC924A6116C00D028EA;
			productRefGroup = 0B68AED324A6116C00D028EA /* Products */;
			projectDirPath = "";
			projectRoot = "";
			targets = (
				0B68AED124A6116C00D028EA /* Zalyalov */,
			);
		};
/* End PBXProject section */

/* Begin PBXResourcesBuildPhase section */
		0B68AED024A6116C00D028EA /* Resources */ = {
			isa = PBXResourcesBuildPhase;
			buildActionMask = 2147483647;
			files = (
				0B68AEE224A6116D00D028EA /* LaunchScreen.storyboard in Resources */,
				0B68AEDF24A6116D00D028EA /* Assets.xcassets in Resources */,
				0B68AEDD24A6116C00D028EA /* Main.storyboard in Resources */,
			);
			runOnlyForDeploymentPostprocessing = 0;
		};
/* End PBXResourcesBuildPhase section */

/* Begin PBXSourcesBuildPhase section */
		0B68AECE24A6116C00D028EA /* Sources */ = {
			isa = PBXSourcesBuildPhase;
			buildActionMask = 2147483647;
			files = (
				0B68AEDA24A6116C00D028EA /* ViewController.swift in Sources */,
				0B68AEEA24A6334800D028EA /* ViewController2.swift in Sources */,
				0B68AEEC24A6925200D028EA /* VC3.swift in Sources */,
				0B68AED624A6116C00D028EA /* AppDelegate.swift in Sources */,
				0B68AED824A6116C00D028EA /* SceneDelegate.swift in Sources */,
			);
			runOnlyForDeploymentPostprocessing = 0;
		};
/* End PBXSourcesBuildPhase section */

/* Begin PBXVariantGroup section */
		0B68AEDB24A6116C00D028EA /* Main.storyboard */ = {
			isa = PBXVariantGroup;
			children = (
				0B68AEDC24A6116C00D028EA /* Base */,
			);
			name = Main.storyboard;
			sourceTree = "<group>";
		};
		0B68AEE024A6116D00D028EA /* LaunchScreen.storyboard */ = {
			isa = PBXVariantGroup;
			children = (
				0B68AEE124A6116D00D028EA /* Base */,
			);
			name = LaunchScreen.storyboard;
			sourceTree = "<group>";
		};
/* End PBXVariantGroup section */

/* Begin XCBuildConfiguration section */
		0B68AEE424A6116D00D028EA /* Debug */ = {
			isa = XCBuildConfiguration;
			buildSettings = {
				ALWAYS_SEARCH_USER_PATHS = NO;
				CLANG_ANALYZER_NONNULL = YES;
				CLANG_ANALYZER_NUMBER_OBJECT_CONVERSION = YES_AGGRESSIVE;
				CLANG_CXX_LANGUAGE_STANDARD = "gnu++14";
				CLANG_CXX_LIBRARY = "libc++";
				CLANG_ENABLE_MODULES = YES;
				CLANG_ENABLE_OBJC_ARC = YES;
				CLANG_ENABLE_OBJC_WEAK = YES;
				CLANG_WARN_BLOCK_CAPTURE_AUTORELEASING = YES;
				CLANG_WARN_BOOL_CONVERSION = YES;
				CLANG_WARN_COMMA = YES;
				CLANG_WARN_CONSTANT_CONVERSION = YES;
				CLANG_WARN_DEPRECATED_OBJC_IMPLEMENTATIONS = YES;
				CLANG_WARN_DIRECT_OBJC_ISA_USAGE = YES_ERROR;
				CLANG_WARN_DOCUMENTATION_COMMENTS = YES;
				CLANG_WARN_EMPTY_BODY = YES;
				CLANG_WARN_ENUM_CONVERSION = YES;
				CLANG_WARN_INFINITE_RECURSION = YES;
				CLANG_WARN_INT_CONVERSION = YES;
				CLANG_WARN_NON_LITERAL_NULL_CONVERSION = YES;
				CLANG_WARN_OBJC_IMPLICIT_RETAIN_SELF = YES;
				CLANG_WARN_OBJC_LITERAL_CONVERSION = YES;
				CLANG_WARN_OBJC_ROOT_CLASS = YES_ERROR;
				CLANG_WARN_RANGE_LOOP_ANALYSIS = YES;
				CLANG_WARN_STRICT_PROTOTYPES = YES;
				CLANG_WARN_SUSPICIOUS_MOVE = YES;
				CLANG_WARN_UNGUARDED_AVAILABILITY = YES_AGGRESSIVE;
				CLANG_WARN_UNREACHABLE_CODE = YES;
				CLANG_WARN__DUPLICATE_METHOD_MATCH = YES;
				COPY_PHASE_STRIP = NO;
				DEBUG_INFORMATION_FORMAT = dwarf;
				ENABLE_STRICT_OBJC_MSGSEND = YES;
				ENABLE_TESTABILITY = YES;
				GCC_C_LANGUAGE_STANDARD = gnu11;
				GCC_DYNAMIC_NO_PIC = NO;
				GCC_NO_COMMON_BLOCKS = YES;
				GCC_OPTIMIZATION_LEVEL = 0;
				GCC_PREPROCESSOR_DEFINITIONS = (
					"DEBUG=1",
					"$(inherited)",
				);
				GCC_WARN_64_TO_32_BIT_CONVERSION = YES;
				GCC_WARN_ABOUT_RETURN_TYPE = YES_ERROR;
				GCC_WARN_UNDECLARED_SELECTOR = YES;
				GCC_WARN_UNINITIALIZED_AUTOS = YES_AGGRESSIVE;
				GCC_WARN_UNUSED_FUNCTION = YES;
				GCC_WARN_UNUSED_VARIABLE = YES;
				IPHONEOS_DEPLOYMENT_TARGET = 13.5;
				MTL_ENABLE_DEBUG_INFO = INCLUDE_SOURCE;
				MTL_FAST_MATH = YES;
				ONLY_ACTIVE_ARCH = YES;
				SDKROOT = iphoneos;
				SWIFT_ACTIVE_COMPILATION_CONDITIONS = DEBUG;
				SWIFT_OPTIMIZATION_LEVEL = "-Onone";
			};
			name = Debug;
		};
		0B68AEE524A6116D00D028EA /* Release */ = {
			isa = XCBuildConfiguration;
			buildSettings = {
				ALWAYS_SEARCH_USER_PATHS = NO;
				CLANG_ANALYZER_NONNULL = YES;
				CLANG_ANALYZER_NUMBER_OBJECT_CONVERSION = YES_AGGRESSIVE;
				CLANG_CXX_LANGUAGE_STANDARD = "gnu++14";
				CLANG_CXX_LIBRARY = "libc++";
				CLANG_ENABLE_MODULES = YES;
				CLANG_ENABLE_OBJC_ARC = YES;
				CLANG_ENABLE_OBJC_WEAK = YES;
				CLANG_WARN_BLOCK_CAPTURE_AUTORELEASING = YES;
				CLANG_WARN_BOOL_CONVERSION = YES;
				CLANG_WARN_COMMA = YES;
				CLANG_WARN_CONSTANT_CONVERSION = YES;
				CLANG_WARN_DEPRECATED_OBJC_IMPLEMENTATIONS = YES;
				CLANG_WARN_DIRECT_OBJC_ISA_USAGE = YES_ERROR;
				CLANG_WARN_DOCUMENTATION_COMMENTS = YES;
				CLANG_WARN_EMPTY_BODY = YES;
				CLANG_WARN_ENUM_CONVERSION = YES;
				CLANG_WARN_INFINITE_RECURSION = YES;
				CLANG_WARN_INT_CONVERSION = YES;
				CLANG_WARN_NON_LITERAL_NULL_CONVERSION = YES;
				CLANG_WARN_OBJC_IMPLICIT_RETAIN_SELF = YES;
				CLANG_WARN_OBJC_LITERAL_CONVERSION = YES;
				CLANG_WARN_OBJC_ROOT_CLASS = YES_ERROR;
				CLANG_WARN_RANGE_LOOP_ANALYSIS = YES;
				CLANG_WARN_STRICT_PROTOTYPES = YES;
				CLANG_WARN_SUSPICIOUS_MOVE = YES;
				CLANG_WARN_UNGUARDED_AVAILABILITY = YES_AGGRESSIVE;
				CLANG_WARN_UNREACHABLE_CODE = YES;
				CLANG_WARN__DUPLICATE_METHOD_MATCH = YES;
				COPY_PHASE_STRIP = NO;
				DEBUG_INFORMATION_FORMAT = "dwarf-with-dsym";
				ENABLE_NS_ASSERTIONS = NO;
				ENABLE_STRICT_OBJC_MSGSEND = YES;
				GCC_C_LANGUAGE_STANDARD = gnu11;
				GCC_NO_COMMON_BLOCKS = YES;
				GCC_WARN_64_TO_32_BIT_CONVERSION = YES;
				GCC_WARN_ABOUT_RETURN_TYPE = YES_ERROR;
				GCC_WARN_UNDECLARED_SELECTOR = YES;
				GCC_WARN_UNINITIALIZED_AUTOS = YES_AGGRESSIVE;
				GCC_WARN_UNUSED_FUNCTION = YES;
				GCC_WARN_UNUSED_VARIABLE = YES;
				IPHONEOS_DEPLOYMENT_TARGET = 13.5;
				MTL_ENABLE_DEBUG_INFO = NO;
				MTL_FAST_MATH = YES;
				SDKROOT = iphoneos;
				SWIFT_COMPILATION_MODE = wholemodule;
				SWIFT_OPTIMIZATION_LEVEL = "-O";
				VALIDATE_PRODUCT = YES;
			};
			name = Release;
		};
		0B68AEE724A6116D00D028EA /* Debug */ = {
			isa = XCBuildConfiguration;
			buildSettings = {
				ASSETCATALOG_COMPILER_APPICON_NAME = AppIcon;
				CODE_SIGN_STYLE = Automatic;
				DEVELOPMENT_TEAM = 44X6M65T9Y;
				INFOPLIST_FILE = Zalyalov/Info.plist;
				LD_RUNPATH_SEARCH_PATHS = (
					"$(inherited)",
					"@executable_path/Frameworks",
				);
				PRODUCT_BUNDLE_IDENTIFIER = com.Ostapyshyn.Zalyalov;
				PRODUCT_NAME = "$(TARGET_NAME)";
				SWIFT_VERSION = 5.0;
				TARGETED_DEVICE_FAMILY = "1,2";
			};
			name = Debug;
		};
		0B68AEE824A6116D00D028EA /* Release */ = {
			isa = XCBuildConfiguration;
			buildSettings = {
				ASSETCATALOG_COMPILER_APPICON_NAME = AppIcon;
				CODE_SIGN_STYLE = Automatic;
				DEVELOPMENT_TEAM = 44X6M65T9Y;
				INFOPLIST_FILE = Zalyalov/Info.plist;
				LD_RUNPATH_SEARCH_PATHS = (
					"$(inherited)",
					"@executable_path/Frameworks",
				);
				PRODUCT_BUNDLE_IDENTIFIER = com.Ostapyshyn.Zalyalov;
				PRODUCT_NAME = "$(TARGET_NAME)";
				SWIFT_VERSION = 5.0;
				TARGETED_DEVICE_FAMILY = "1,2";
			};
			name = Release;
		};
/* End XCBuildConfiguration section */

/* Begin XCConfigurationList section */
		0B68AECD24A6116C00D028EA /* Build configuration list for PBXProject "Zalyalov" */ = {
			isa = XCConfigurationList;
			buildConfigurations = (
				0B68AEE424A6116D00D028EA /* Debug */,
				0B68AEE524A6116D00D028EA /* Release */,
			);
			defaultConfigurationIsVisible = 0;
			defaultConfigurationName = Release;
		};
		0B68AEE624A6116D00D028EA /* Build configuration list for PBXNativeTarget "Zalyalov" */ = {
			isa = XCConfigurationList;
			buildConfigurations = (
				0B68AEE724A6116D00D028EA /* Debug */,
				0B68AEE824A6116D00D028EA /* Release */,
			);
			defaultConfigurationIsVisible = 0;
			defaultConfigurationName = Release;
		};
/* End XCConfigurationList section */
	};
	rootObject = 0B68AECA24A6116C00D028EA /* Project object */;
}
